
Microsoft Visual Studio Solution File, Format Version 12.00
# Visual Studio 14
VisualStudioVersion = 14.0.25420.1
MinimumVisualStudioVersion = 10.0.40219.1
Project("{FAE04EC0-301F-11D3-BF4B-00C04F79EFBC}") = "MiniProject.Web", "MiniProject.Web\MiniProject.Web.csproj", "{2AFAD644-24AD-4D70-8786-04AE24CCD6FB}"
EndProject
Project("{FAE04EC0-301F-11D3-BF4B-00C04F79EFBC}") = "MiniProject.Model", "MiniProject.Model\MiniProject.Model.csproj", "{A7A046B1-9409-4BF5-919C-A4B864866C21}"
EndProject
Project("{FAE04EC0-301F-11D3-BF4B-00C04F79EFBC}") = "MiniProject.ViewModel", "MiniProject.ViewModel\MiniProject.ViewModel.csproj", "{B67F0471-6538-4A4D-8530-36268AF29761}"
EndProject
Project("{FAE04EC0-301F-11D3-BF4B-00C04F79EFBC}") = "MiniProject.Repo", "MiniProject.Repo\MiniProject.Repo.csproj", "{03CA06C4-E2F7-431A-AA16-3E4A8E5C6CD1}"
EndProject
Global
	GlobalSection(SolutionConfigurationPlatforms) = preSolution
		Debug|Any CPU = Debug|Any CPU
		Release|Any CPU = Release|Any CPU
	EndGlobalSection
	GlobalSection(ProjectConfigurationPlatforms) = postSolution
		{2AFAD644-24AD-4D70-8786-04AE24CCD6FB}.Debug|Any CPU.ActiveCfg = Debug|Any CPU
		{2AFAD644-24AD-4D70-8786-04AE24CCD6FB}.Debug|Any CPU.Build.0 = Debug|Any CPU
		{2AFAD644-24AD-4D70-8786-04AE24CCD6FB}.Release|Any CPU.ActiveCfg = Release|Any CPU
		{2AFAD644-24AD-4D70-8786-04AE24CCD6FB}.Release|Any CPU.Build.0 = Release|Any CPU
		{A7A046B1-9409-4BF5-919C-A4B864866C21}.Debug|Any CPU.ActiveCfg = Debug|Any CPU
		{A7A046B1-9409-4BF5-919C-A4B864866C21}.Debug|Any CPU.Build.0 = Debug|Any CPU
		{A7A046B1-9409-4BF5-919C-A4B864866C21}.Release|Any CPU.ActiveCfg = Release|Any CPU
		{A7A046B1-9409-4BF5-919C-A4B864866C21}.Release|Any CPU.Build.0 = Release|Any CPU
		{B67F0471-6538-4A4D-8530-36268AF29761}.Debug|Any CPU.ActiveCfg = Debug|Any CPU
		{B67F0471-6538-4A4D-8530-36268AF29761}.Debug|Any CPU.Build.0 = Debug|Any CPU
		{B67F0471-6538-4A4D-8530-36268AF29761}.Release|Any CPU.ActiveCfg = Release|Any CPU
		{B67F0471-6538-4A4D-8530-36268AF29761}.Release|Any CPU.Build.0 = Release|Any CPU
		{03CA06C4-E2F7-431A-AA16-3E4A8E5C6CD1}.Debug|Any CPU.ActiveCfg = Debug|Any CPU
		{03CA06C4-E2F7-431A-AA16-3E4A8E5C6CD1}.Debug|Any CPU.Build.0 = Debug|Any CPU
		{03CA06C4-E2F7-431A-AA16-3E4A8E5C6CD1}.Release|Any CPU.ActiveCfg = Release|Any CPU
		{03CA06C4-E2F7-431A-AA16-3E4A8E5C6CD1}.Release|Any CPU.Build.0 = Release|Any CPU
	EndGlobalSection
	GlobalSection(SolutionProperties) = preSolution
		HideSolutionNode = FALSE
	EndGlobalSection
EndGlobal
